
Microsoft Visual Studio Solution File, Format Version 12.00
# Visual Studio Version 16
VisualStudioVersion = 16.0.30002.166
MinimumVisualStudioVersion = 10.0.40219.1
Project("{FAE04EC0-301F-11D3-BF4B-00C04F79EFBC}") = "NetCoreWithAngularTemplate", "NetCoreWithAngularTemplate\NetCoreWithAngularTemplate.csproj", "{3359B44A-F7A8-487D-9CEE-F814964A3B40}"
EndProject
Global
	GlobalSection(SolutionConfigurationPlatforms) = preSolution
		Debug|Any CPU = Debug|Any CPU
		Release|Any CPU = Release|Any CPU
	EndGlobalSection
	GlobalSection(ProjectConfigurationPlatforms) = postSolution
		{3359B44A-F7A8-487D-9CEE-F814964A3B40}.Debug|Any CPU.ActiveCfg = Debug|Any CPU
		{3359B44A-F7A8-487D-9CEE-F814964A3B40}.Debug|Any CPU.Build.0 = Debug|Any CPU
		{3359B44A-F7A8-487D-9CEE-F814964A3B40}.Release|Any CPU.ActiveCfg = Release|Any CPU
		{3359B44A-F7A8-487D-9CEE-F814964A3B40}.Release|Any CPU.Build.0 = Release|Any CPU
	EndGlobalSection
	GlobalSection(SolutionProperties) = preSolution
		HideSolutionNode = FALSE
	EndGlobalSection
	GlobalSection(ExtensibilityGlobals) = postSolution
		SolutionGuid = {40C1664B-311F-4AD6-907A-72D6849151DB}
	EndGlobalSection
EndGlobal
